// !$*UTF8*$!
{
	archiveVersion = 1;
	classes = {
	};
	objectVersion = 77;
	objects = {

/* Begin PBXBuildFile section */
		B2A37F7A2DE6AA6700139867 /* GLTFKit2 in Frameworks */ = {isa = PBXBuildFile; productRef = B2A37F792DE6AA6700139867 /* GLTFKit2 */; };
		B2CC20CA2DBDBD02007F1119 /* .gitignore in Resources */ = {isa = PBXBuildFile; fileRef = B2CC20C82DBDBCFE007F1119 /* .gitignore */; };
		B2CC20CD2DBDC63C007F1119 /* FirebaseAnalytics in Frameworks */ = {isa = PBXBuildFile; productRef = B2CC20CC2DBDC63C007F1119 /* FirebaseAnalytics */; };
		B2CC20CF2DBDC63C007F1119 /* FirebaseAuth in Frameworks */ = {isa = PBXBuildFile; productRef = B2CC20CE2DBDC63C007F1119 /* FirebaseAuth */; };
		B2CC20D12DBDC63C007F1119 /* FirebaseAuthCombine-Community in Frameworks */ = {isa = PBXBuildFile; productRef = B2CC20D02DBDC63C007F1119 /* FirebaseAuthCombine-Community */; };
		B2CC20D32DBDC63C007F1119 /* FirebaseCore in Frameworks */ = {isa = PBXBuildFile; productRef = B2CC20D22DBDC63C007F1119 /* FirebaseCore */; };
		B2CC20D52DBDC63C007F1119 /* FirebaseCrashlytics in Frameworks */ = {isa = PBXBuildFile; productRef = B2CC20D42DBDC63C007F1119 /* FirebaseCrashlytics */; };
		B2CC20D72DBDC63C007F1119 /* FirebaseFirestore in Frameworks */ = {isa = PBXBuildFile; productRef = B2CC20D62DBDC63C007F1119 /* FirebaseFirestore */; };
		B2CC20D92DBDC63C007F1119 /* FirebaseFirestoreCombine-Community in Frameworks */ = {isa = PBXBuildFile; productRef = B2CC20D82DBDC63C007F1119 /* FirebaseFirestoreCombine-Community */; };
		B2CC20DB2DBDC63C007F1119 /* FirebaseMessaging in Frameworks */ = {isa = PBXBuildFile; productRef = B2CC20DA2DBDC63C007F1119 /* FirebaseMessaging */; };
		B2CC20DD2DBDC63C007F1119 /* FirebasePerformance in Frameworks */ = {isa = PBXBuildFile; productRef = B2CC20DC2DBDC63C007F1119 /* FirebasePerformance */; };
		B2CC20DF2DBDC63C007F1119 /* FirebaseRemoteConfig in Frameworks */ = {isa = PBXBuildFile; productRef = B2CC20DE2DBDC63C007F1119 /* FirebaseRemoteConfig */; };
		B2CC20E12DBDC63C007F1119 /* FirebaseStorage in Frameworks */ = {isa = PBXBuildFile; productRef = B2CC20E02DBDC63C007F1119 /* FirebaseStorage */; };
		B2CC20E32DBDC63C007F1119 /* FirebaseStorageCombine-Community in Frameworks */ = {isa = PBXBuildFile; productRef = B2CC20E22DBDC63C007F1119 /* FirebaseStorageCombine-Community */; };
		B2CC20E62DBDC7AF007F1119 /* Kingfisher in Frameworks */ = {isa = PBXBuildFile; productRef = B2CC20E52DBDC7AF007F1119 /* Kingfisher */; };
		B2CC20E92DBDC8A5007F1119 /* AlertToast in Frameworks */ = {isa = PBXBuildFile; productRef = B2CC20E82DBDC8A5007F1119 /* AlertToast */; };
		B2CC210F2DBDCDEC007F1119 /* GoogleSignIn in Frameworks */ = {isa = PBXBuildFile; productRef = B2CC210E2DBDCDEC007F1119 /* GoogleSignIn */; };
		B2CC21112DBDCDEC007F1119 /* GoogleSignInSwift in Frameworks */ = {isa = PBXBuildFile; productRef = B2CC21102DBDCDEC007F1119 /* GoogleSignInSwift */; };
		B2CC21142DBDCFA4007F1119 /* FacebookLogin in Frameworks */ = {isa = PBXBuildFile; productRef = B2CC21132DBDCFA4007F1119 /* FacebookLogin */; };
		B2CC21222DBDDC73007F1119 /* LICENSE in Resources */ = {isa = PBXBuildFile; fileRef = B2CC21202DBDDC73007F1119 /* LICENSE */; };
/* End PBXBuildFile section */

/* Begin PBXContainerItemProxy section */
		B2CC207D2DBDB195007F1119 /* PBXContainerItemProxy */ = {
			isa = PBXContainerItemProxy;
			containerPortal = B2CC20622DBDB193007F1119 /* Project object */;
			proxyType = 1;
			remoteGlobalIDString = B2CC20692DBDB193007F1119;
			remoteInfo = TheRoamingKin;
		};
		B2CC20872DBDB195007F1119 /* PBXContainerItemProxy */ = {
			isa = PBXContainerItemProxy;
			containerPortal = B2CC20622DBDB193007F1119 /* Project object */;
			proxyType = 1;
			remoteGlobalIDString = B2CC20692DBDB193007F1119;
			remoteInfo = TheRoamingKin;
		};
/* End PBXContainerItemProxy section */

/* Begin PBXFileReference section */
		B2CC206A2DBDB193007F1119 /* TheRoamingKin.app */ = {isa = PBXFileReference; explicitFileType = wrapper.application; includeInIndex = 0; path = TheRoamingKin.app; sourceTree = BUILT_PRODUCTS_DIR; };
		B2CC207C2DBDB195007F1119 /* TheRoamingKinTests.xctest */ = {isa = PBXFileReference; explicitFileType = wrapper.cfbundle; includeInIndex = 0; path = TheRoamingKinTests.xctest; sourceTree = BUILT_PRODUCTS_DIR; };
		B2CC20862DBDB195007F1119 /* TheRoamingKinUITests.xctest */ = {isa = PBXFileReference; explicitFileType = wrapper.cfbundle; includeInIndex = 0; path = TheRoamingKinUITests.xctest; sourceTree = BUILT_PRODUCTS_DIR; };
		B2CC20C82DBDBCFE007F1119 /* .gitignore */ = {isa = PBXFileReference; lastKnownFileType = text; path = .gitignore; sourceTree = "<group>"; };
		B2CC21202DBDDC73007F1119 /* LICENSE */ = {isa = PBXFileReference; lastKnownFileType = text; path = LICENSE; sourceTree = "<group>"; };
/* End PBXFileReference section */

/* Begin PBXFileSystemSynchronizedBuildFileExceptionSet section */
		B2CC21162DBDD698007F1119 /* Exceptions for "TheRoamingKin" folder in "TheRoamingKin" target */ = {
			isa = PBXFileSystemSynchronizedBuildFileExceptionSet;
			membershipExceptions = (
				Info.plist,
			);
			target = B2CC20692DBDB193007F1119 /* TheRoamingKin */;
		};
/* End PBXFileSystemSynchronizedBuildFileExceptionSet section */

/* Begin PBXFileSystemSynchronizedRootGroup section */
		B2CC206C2DBDB193007F1119 /* TheRoamingKin */ = {
			isa = PBXFileSystemSynchronizedRootGroup;
			exceptions = (
				B2CC21162DBDD698007F1119 /* Exceptions for "TheRoamingKin" folder in "TheRoamingKin" target */,
			);
			path = TheRoamingKin;
			sourceTree = "<group>";
		};
		B2CC207F2DBDB195007F1119 /* TheRoamingKinTests */ = {
			isa = PBXFileSystemSynchronizedRootGroup;
			path = TheRoamingKinTests;
			sourceTree = "<group>";
		};
		B2CC20892DBDB195007F1119 /* TheRoamingKinUITests */ = {
			isa = PBXFileSystemSynchronizedRootGroup;
			path = TheRoamingKinUITests;
			sourceTree = "<group>";
		};
/* End PBXFileSystemSynchronizedRootGroup section */

/* Begin PBXFrameworksBuildPhase section */
		B2CC20672DBDB193007F1119 /* Frameworks */ = {
			isa = PBXFrameworksBuildPhase;
			buildActionMask = 2147483647;
			files = (
				B2CC20DB2DBDC63C007F1119 /* FirebaseMessaging in Frameworks */,
				B2CC21142DBDCFA4007F1119 /* FacebookLogin in Frameworks */,
				B2CC20E92DBDC8A5007F1119 /* AlertToast in Frameworks */,
				B2CC20CD2DBDC63C007F1119 /* FirebaseAnalytics in Frameworks */,
				B2CC21112DBDCDEC007F1119 /* GoogleSignInSwift in Frameworks */,
				B2CC20DD2DBDC63C007F1119 /* FirebasePerformance in Frameworks */,
				B2CC20D12DBDC63C007F1119 /* FirebaseAuthCombine-Community in Frameworks */,
				B2CC210F2DBDCDEC007F1119 /* GoogleSignIn in Frameworks */,
				B2CC20D52DBDC63C007F1119 /* FirebaseCrashlytics in Frameworks */,
				B2CC20D32DBDC63C007F1119 /* FirebaseCore in Frameworks */,
				B2CC20CF2DBDC63C007F1119 /* FirebaseAuth in Frameworks */,
				B2CC20D72DBDC63C007F1119 /* FirebaseFirestore in Frameworks */,
				B2CC20E62DBDC7AF007F1119 /* Kingfisher in Frameworks */,
				B2CC20E12DBDC63C007F1119 /* FirebaseStorage in Frameworks */,
				B2CC20D92DBDC63C007F1119 /* FirebaseFirestoreCombine-Community in Frameworks */,
				B2CC20E32DBDC63C007F1119 /* FirebaseStorageCombine-Community in Frameworks */,
				B2CC20DF2DBDC63C007F1119 /* FirebaseRemoteConfig in Frameworks */,
				B2A37F7A2DE6AA6700139867 /* GLTFKit2 in Frameworks */,
			);
			runOnlyForDeploymentPostprocessing = 0;
		};
		B2CC20792DBDB195007F1119 /* Frameworks */ = {
			isa = PBXFrameworksBuildPhase;
			buildActionMask = 2147483647;
			files = (
			);
			runOnlyForDeploymentPostprocessing = 0;
		};
		B2CC20832DBDB195007F1119 /* Frameworks */ = {
			isa = PBXFrameworksBuildPhase;
			buildActionMask = 2147483647;
			files = (
			);
			runOnlyForDeploymentPostprocessing = 0;
		};
/* End PBXFrameworksBuildPhase section */

/* Begin PBXGroup section */
		B2CC20612DBDB193007F1119 = {
			isa = PBXGroup;
			children = (
				B2CC21202DBDDC73007F1119 /* LICENSE */,
				B2CC206C2DBDB193007F1119 /* TheRoamingKin */,
				B2CC207F2DBDB195007F1119 /* TheRoamingKinTests */,
				B2CC20892DBDB195007F1119 /* TheRoamingKinUITests */,
				B2CC206B2DBDB193007F1119 /* Products */,
				B2CC20C82DBDBCFE007F1119 /* .gitignore */,
			);
			sourceTree = "<group>";
		};
		B2CC206B2DBDB193007F1119 /* Products */ = {
			isa = PBXGroup;
			children = (
				B2CC206A2DBDB193007F1119 /* TheRoamingKin.app */,
				B2CC207C2DBDB195007F1119 /* TheRoamingKinTests.xctest */,
				B2CC20862DBDB195007F1119 /* TheRoamingKinUITests.xctest */,
			);
			name = Products;
			sourceTree = "<group>";
		};
/* End PBXGroup section */

/* Begin PBXNativeTarget section */
		B2CC20692DBDB193007F1119 /* TheRoamingKin */ = {
			isa = PBXNativeTarget;
			buildConfigurationList = B2CC20902DBDB195007F1119 /* Build configuration list for PBXNativeTarget "TheRoamingKin" */;
			buildPhases = (
				B2CC20662DBDB193007F1119 /* Sources */,
				B2CC20672DBDB193007F1119 /* Frameworks */,
				B2CC20682DBDB193007F1119 /* Resources */,
			);
			buildRules = (
			);
			dependencies = (
				B2CC20C72DBDBCD3007F1119 /* PBXTargetDependency */,
			);
			fileSystemSynchronizedGroups = (
				B2CC206C2DBDB193007F1119 /* TheRoamingKin */,
			);
			name = TheRoamingKin;
			packageProductDependencies = (
				B2CC20CC2DBDC63C007F1119 /* FirebaseAnalytics */,
				B2CC20CE2DBDC63C007F1119 /* FirebaseAuth */,
				B2CC20D02DBDC63C007F1119 /* FirebaseAuthCombine-Community */,
				B2CC20D22DBDC63C007F1119 /* FirebaseCore */,
				B2CC20D42DBDC63C007F1119 /* FirebaseCrashlytics */,
				B2CC20D62DBDC63C007F1119 /* FirebaseFirestore */,
				B2CC20D82DBDC63C007F1119 /* FirebaseFirestoreCombine-Community */,
				B2CC20DA2DBDC63C007F1119 /* FirebaseMessaging */,
				B2CC20DC2DBDC63C007F1119 /* FirebasePerformance */,
				B2CC20DE2DBDC63C007F1119 /* FirebaseRemoteConfig */,
				B2CC20E02DBDC63C007F1119 /* FirebaseStorage */,
				B2CC20E22DBDC63C007F1119 /* FirebaseStorageCombine-Community */,
				B2CC20E52DBDC7AF007F1119 /* Kingfisher */,
				B2CC20E82DBDC8A5007F1119 /* AlertToast */,
				B2CC210E2DBDCDEC007F1119 /* GoogleSignIn */,
				B2CC21102DBDCDEC007F1119 /* GoogleSignInSwift */,
				B2CC21132DBDCFA4007F1119 /* FacebookLogin */,
				B2A37F792DE6AA6700139867 /* GLTFKit2 */,
			);
			productName = TheRoamingKin;
			productReference = B2CC206A2DBDB193007F1119 /* TheRoamingKin.app */;
			productType = "com.apple.product-type.application";
		};
		B2CC207B2DBDB195007F1119 /* TheRoamingKinTests */ = {
			isa = PBXNativeTarget;
			buildConfigurationList = B2CC20932DBDB195007F1119 /* Build configuration list for PBXNativeTarget "TheRoamingKinTests" */;
			buildPhases = (
				B2CC20782DBDB195007F1119 /* Sources */,
				B2CC20792DBDB195007F1119 /* Frameworks */,
				B2CC207A2DBDB195007F1119 /* Resources */,
			);
			buildRules = (
			);
			dependencies = (
				B214E5E12DC1B21C006AEF65 /* PBXTargetDependency */,
				B2CC207E2DBDB195007F1119 /* PBXTargetDependency */,
			);
			fileSystemSynchronizedGroups = (
				B2CC207F2DBDB195007F1119 /* TheRoamingKinTests */,
			);
			name = TheRoamingKinTests;
			packageProductDependencies = (
			);
			productName = TheRoamingKinTests;
			productReference = B2CC207C2DBDB195007F1119 /* TheRoamingKinTests.xctest */;
			productType = "com.apple.product-type.bundle.unit-test";
		};
		B2CC20852DBDB195007F1119 /* TheRoamingKinUITests */ = {
			isa = PBXNativeTarget;
			buildConfigurationList = B2CC20962DBDB195007F1119 /* Build configuration list for PBXNativeTarget "TheRoamingKinUITests" */;
			buildPhases = (
				B2CC20822DBDB195007F1119 /* Sources */,
				B2CC20832DBDB195007F1119 /* Frameworks */,
				B2CC20842DBDB195007F1119 /* Resources */,
			);
			buildRules = (
			);
			dependencies = (
				B214E5DF2DC1B217006AEF65 /* PBXTargetDependency */,
				B2CC20882DBDB195007F1119 /* PBXTargetDependency */,
			);
			fileSystemSynchronizedGroups = (
				B2CC20892DBDB195007F1119 /* TheRoamingKinUITests */,
			);
			name = TheRoamingKinUITests;
			packageProductDependencies = (
			);
			productName = TheRoamingKinUITests;
			productReference = B2CC20862DBDB195007F1119 /* TheRoamingKinUITests.xctest */;
			productType = "com.apple.product-type.bundle.ui-testing";
		};
/* End PBXNativeTarget section */

/* Begin PBXProject section */
		B2CC20622DBDB193007F1119 /* Project object */ = {
			isa = PBXProject;
			attributes = {
				BuildIndependentTargetsInParallel = 1;
				LastSwiftUpdateCheck = 1630;
				LastUpgradeCheck = 1630;
				TargetAttributes = {
					B2CC20692DBDB193007F1119 = {
						CreatedOnToolsVersion = 16.3;
					};
					B2CC207B2DBDB195007F1119 = {
						CreatedOnToolsVersion = 16.3;
						TestTargetID = B2CC20692DBDB193007F1119;
					};
					B2CC20852DBDB195007F1119 = {
						CreatedOnToolsVersion = 16.3;
						TestTargetID = B2CC20692DBDB193007F1119;
					};
				};
			};
			buildConfigurationList = B2CC20652DBDB193007F1119 /* Build configuration list for PBXProject "TheRoamingKin" */;
			developmentRegion = en;
			hasScannedForEncodings = 0;
			knownRegions = (
				en,
				Base,
			);
			mainGroup = B2CC20612DBDB193007F1119;
			minimizedProjectReferenceProxies = 1;
			packageReferences = (
				B2CC20C52DBDBCC3007F1119 /* XCRemoteSwiftPackageReference "SwiftLint" */,
				B2CC20CB2DBDC63C007F1119 /* XCRemoteSwiftPackageReference "firebase-ios-sdk" */,
				B2CC20E42DBDC7AF007F1119 /* XCRemoteSwiftPackageReference "Kingfisher" */,
				B2CC20E72DBDC8A5007F1119 /* XCRemoteSwiftPackageReference "AlertToast" */,
				B2CC210D2DBDCDEC007F1119 /* XCRemoteSwiftPackageReference "GoogleSignIn-iOS" */,
				B2CC21122DBDCFA4007F1119 /* XCRemoteSwiftPackageReference "facebook-ios-sdk" */,
				B2A37F782DE6AA6700139867 /* XCRemoteSwiftPackageReference "GLTFKit2" */,
			);
			preferredProjectObjectVersion = 77;
			productRefGroup = B2CC206B2DBDB193007F1119 /* Products */;
			projectDirPath = "";
			projectRoot = "";
			targets = (
				B2CC20692DBDB193007F1119 /* TheRoamingKin */,
				B2CC207B2DBDB195007F1119 /* TheRoamingKinTests */,
				B2CC20852DBDB195007F1119 /* TheRoamingKinUITests */,
			);
		};
/* End PBXProject section */

/* Begin PBXResourcesBuildPhase section */
		B2CC20682DBDB193007F1119 /* Resources */ = {
			isa = PBXResourcesBuildPhase;
			buildActionMask = 2147483647;
			files = (
				B2CC20CA2DBDBD02007F1119 /* .gitignore in Resources */,
				B2CC21222DBDDC73007F1119 /* LICENSE in Resources */,
			);
			runOnlyForDeploymentPostprocessing = 0;
		};
		B2CC207A2DBDB195007F1119 /* Resources */ = {
			isa = PBXResourcesBuildPhase;
			buildActionMask = 2147483647;
			files = (
			);
			runOnlyForDeploymentPostprocessing = 0;
		};
		B2CC20842DBDB195007F1119 /* Resources */ = {
			isa = PBXResourcesBuildPhase;
			buildActionMask = 2147483647;
			files = (
			);
			runOnlyForDeploymentPostprocessing = 0;
		};
/* End PBXResourcesBuildPhase section */

/* Begin PBXSourcesBuildPhase section */
		B2CC20662DBDB193007F1119 /* Sources */ = {
			isa = PBXSourcesBuildPhase;
			buildActionMask = 2147483647;
			files = (
			);
			runOnlyForDeploymentPostprocessing = 0;
		};
		B2CC20782DBDB195007F1119 /* Sources */ = {
			isa = PBXSourcesBuildPhase;
			buildActionMask = 2147483647;
			files = (
			);
			runOnlyForDeploymentPostprocessing = 0;
		};
		B2CC20822DBDB195007F1119 /* Sources */ = {
			isa = PBXSourcesBuildPhase;
			buildActionMask = 2147483647;
			files = (
			);
			runOnlyForDeploymentPostprocessing = 0;
		};
/* End PBXSourcesBuildPhase section */

/* Begin PBXTargetDependency section */
		B214E5DF2DC1B217006AEF65 /* PBXTargetDependency */ = {
			isa = PBXTargetDependency;
			productRef = B214E5DE2DC1B217006AEF65 /* SwiftLintBuildToolPlugin */;
		};
		B214E5E12DC1B21C006AEF65 /* PBXTargetDependency */ = {
			isa = PBXTargetDependency;
			productRef = B214E5E02DC1B21C006AEF65 /* SwiftLintBuildToolPlugin */;
		};
		B2CC207E2DBDB195007F1119 /* PBXTargetDependency */ = {
			isa = PBXTargetDependency;
			target = B2CC20692DBDB193007F1119 /* TheRoamingKin */;
			targetProxy = B2CC207D2DBDB195007F1119 /* PBXContainerItemProxy */;
		};
		B2CC20882DBDB195007F1119 /* PBXTargetDependency */ = {
			isa = PBXTargetDependency;
			target = B2CC20692DBDB193007F1119 /* TheRoamingKin */;
			targetProxy = B2CC20872DBDB195007F1119 /* PBXContainerItemProxy */;
		};
		B2CC20C72DBDBCD3007F1119 /* PBXTargetDependency */ = {
			isa = PBXTargetDependency;
			productRef = B2CC20C62DBDBCD3007F1119 /* SwiftLintBuildToolPlugin */;
		};
/* End PBXTargetDependency section */

/* Begin XCBuildConfiguration section */
		B2CC208E2DBDB195007F1119 /* Debug */ = {
			isa = XCBuildConfiguration;
			buildSettings = {
				ALWAYS_SEARCH_USER_PATHS = NO;
				ASSETCATALOG_COMPILER_GENERATE_SWIFT_ASSET_SYMBOL_EXTENSIONS = YES;
				CLANG_ANALYZER_NONNULL = YES;
				CLANG_ANALYZER_NUMBER_OBJECT_CONVERSION = YES_AGGRESSIVE;
				CLANG_CXX_LANGUAGE_STANDARD = "gnu++20";
				CLANG_ENABLE_MODULES = YES;
				CLANG_ENABLE_OBJC_ARC = YES;
				CLANG_ENABLE_OBJC_WEAK = YES;
				CLANG_WARN_BLOCK_CAPTURE_AUTORELEASING = YES;
				CLANG_WARN_BOOL_CONVERSION = YES;
				CLANG_WARN_COMMA = YES;
				CLANG_WARN_CONSTANT_CONVERSION = YES;
				CLANG_WARN_DEPRECATED_OBJC_IMPLEMENTATIONS = YES;
				CLANG_WARN_DIRECT_OBJC_ISA_USAGE = YES_ERROR;
				CLANG_WARN_DOCUMENTATION_COMMENTS = YES;
				CLANG_WARN_EMPTY_BODY = YES;
				CLANG_WARN_ENUM_CONVERSION = YES;
				CLANG_WARN_INFINITE_RECURSION = YES;
				CLANG_WARN_INT_CONVERSION = YES;
				CLANG_WARN_NON_LITERAL_NULL_CONVERSION = YES;
				CLANG_WARN_OBJC_IMPLICIT_RETAIN_SELF = YES;
				CLANG_WARN_OBJC_LITERAL_CONVERSION = YES;
				CLANG_WARN_OBJC_ROOT_CLASS = YES_ERROR;
				CLANG_WARN_QUOTED_INCLUDE_IN_FRAMEWORK_HEADER = YES;
				CLANG_WARN_RANGE_LOOP_ANALYSIS = YES;
				CLANG_WARN_STRICT_PROTOTYPES = YES;
				CLANG_WARN_SUSPICIOUS_MOVE = YES;
				CLANG_WARN_UNGUARDED_AVAILABILITY = YES_AGGRESSIVE;
				CLANG_WARN_UNREACHABLE_CODE = YES;
				CLANG_WARN__DUPLICATE_METHOD_MATCH = YES;
				COPY_PHASE_STRIP = NO;
				DEBUG_INFORMATION_FORMAT = dwarf;
				DEVELOPMENT_TEAM = HW57NPTVW8;
				ENABLE_STRICT_OBJC_MSGSEND = YES;
				ENABLE_TESTABILITY = YES;
				ENABLE_USER_SCRIPT_SANDBOXING = YES;
				GCC_C_LANGUAGE_STANDARD = gnu17;
				GCC_DYNAMIC_NO_PIC = NO;
				GCC_NO_COMMON_BLOCKS = YES;
				GCC_OPTIMIZATION_LEVEL = 0;
				GCC_PREPROCESSOR_DEFINITIONS = (
					"DEBUG=1",
					"$(inherited)",
				);
				GCC_WARN_64_TO_32_BIT_CONVERSION = YES;
				GCC_WARN_ABOUT_RETURN_TYPE = YES_ERROR;
				GCC_WARN_UNDECLARED_SELECTOR = YES;
				GCC_WARN_UNINITIALIZED_AUTOS = YES_AGGRESSIVE;
				GCC_WARN_UNUSED_FUNCTION = YES;
				GCC_WARN_UNUSED_VARIABLE = YES;
				IPHONEOS_DEPLOYMENT_TARGET = 18.4;
				LOCALIZATION_PREFERS_STRING_CATALOGS = YES;
				MTL_ENABLE_DEBUG_INFO = INCLUDE_SOURCE;
				MTL_FAST_MATH = YES;
				ONLY_ACTIVE_ARCH = YES;
				SDKROOT = iphoneos;
				SWIFT_ACTIVE_COMPILATION_CONDITIONS = "DEBUG $(inherited)";
				SWIFT_OPTIMIZATION_LEVEL = "-Onone";
			};
			name = Debug;
		};
		B2CC208F2DBDB195007F1119 /* Release */ = {
			isa = XCBuildConfiguration;
			buildSettings = {
				ALWAYS_SEARCH_USER_PATHS = NO;
				ASSETCATALOG_COMPILER_GENERATE_SWIFT_ASSET_SYMBOL_EXTENSIONS = YES;
				CLANG_ANALYZER_NONNULL = YES;
				CLANG_ANALYZER_NUMBER_OBJECT_CONVERSION = YES_AGGRESSIVE;
				CLANG_CXX_LANGUAGE_STANDARD = "gnu++20";
				CLANG_ENABLE_MODULES = YES;
				CLANG_ENABLE_OBJC_ARC = YES;
				CLANG_ENABLE_OBJC_WEAK = YES;
				CLANG_WARN_BLOCK_CAPTURE_AUTORELEASING = YES;
				CLANG_WARN_BOOL_CONVERSION = YES;
				CLANG_WARN_COMMA = YES;
				CLANG_WARN_CONSTANT_CONVERSION = YES;
				CLANG_WARN_DEPRECATED_OBJC_IMPLEMENTATIONS = YES;
				CLANG_WARN_DIRECT_OBJC_ISA_USAGE = YES_ERROR;
				CLANG_WARN_DOCUMENTATION_COMMENTS = YES;
				CLANG_WARN_EMPTY_BODY = YES;
				CLANG_WARN_ENUM_CONVERSION = YES;
				CLANG_WARN_INFINITE_RECURSION = YES;
				CLANG_WARN_INT_CONVERSION = YES;
				CLANG_WARN_NON_LITERAL_NULL_CONVERSION = YES;
				CLANG_WARN_OBJC_IMPLICIT_RETAIN_SELF = YES;
				CLANG_WARN_OBJC_LITERAL_CONVERSION = YES;
				CLANG_WARN_OBJC_ROOT_CLASS = YES_ERROR;
				CLANG_WARN_QUOTED_INCLUDE_IN_FRAMEWORK_HEADER = YES;
				CLANG_WARN_RANGE_LOOP_ANALYSIS = YES;
				CLANG_WARN_STRICT_PROTOTYPES = YES;
				CLANG_WARN_SUSPICIOUS_MOVE = YES;
				CLANG_WARN_UNGUARDED_AVAILABILITY = YES_AGGRESSIVE;
				CLANG_WARN_UNREACHABLE_CODE = YES;
				CLANG_WARN__DUPLICATE_METHOD_MATCH = YES;
				COPY_PHASE_STRIP = NO;
				DEBUG_INFORMATION_FORMAT = "dwarf-with-dsym";
				DEVELOPMENT_TEAM = HW57NPTVW8;
				ENABLE_NS_ASSERTIONS = NO;
				ENABLE_STRICT_OBJC_MSGSEND = YES;
				ENABLE_USER_SCRIPT_SANDBOXING = YES;
				GCC_C_LANGUAGE_STANDARD = gnu17;
				GCC_NO_COMMON_BLOCKS = YES;
				GCC_WARN_64_TO_32_BIT_CONVERSION = YES;
				GCC_WARN_ABOUT_RETURN_TYPE = YES_ERROR;
				GCC_WARN_UNDECLARED_SELECTOR = YES;
				GCC_WARN_UNINITIALIZED_AUTOS = YES_AGGRESSIVE;
				GCC_WARN_UNUSED_FUNCTION = YES;
				GCC_WARN_UNUSED_VARIABLE = YES;
				IPHONEOS_DEPLOYMENT_TARGET = 18.4;
				LOCALIZATION_PREFERS_STRING_CATALOGS = YES;
				MTL_ENABLE_DEBUG_INFO = NO;
				MTL_FAST_MATH = YES;
				SDKROOT = iphoneos;
				SWIFT_COMPILATION_MODE = wholemodule;
				VALIDATE_PRODUCT = YES;
			};
			name = Release;
		};
		B2CC20912DBDB195007F1119 /* Debug */ = {
			isa = XCBuildConfiguration;
			buildSettings = {
				ASSETCATALOG_COMPILER_APPICON_NAME = AppIcon;
				ASSETCATALOG_COMPILER_GLOBAL_ACCENT_COLOR_NAME = AccentColor;
				CODE_SIGN_ENTITLEMENTS = TheRoamingKin/TheRoamingKin.entitlements;
				CODE_SIGN_STYLE = Automatic;
				CURRENT_PROJECT_VERSION = 1;
				DEVELOPMENT_TEAM = HW57NPTVW8;
				ENABLE_PREVIEWS = YES;
				GENERATE_INFOPLIST_FILE = YES;
				INFOPLIST_FILE = TheRoamingKin/Info.plist;
				INFOPLIST_KEY_LSApplicationCategoryType = "public.app-category.lifestyle";
				INFOPLIST_KEY_UIApplicationSceneManifest_Generation = YES;
				INFOPLIST_KEY_UIApplicationSupportsIndirectInputEvents = YES;
				INFOPLIST_KEY_UILaunchScreen_Generation = YES;
				INFOPLIST_KEY_UISupportedInterfaceOrientations = UIInterfaceOrientationPortrait;
				INFOPLIST_KEY_UISupportedInterfaceOrientations_iPad = "UIInterfaceOrientationPortrait UIInterfaceOrientationPortraitUpsideDown";
				IPHONEOS_DEPLOYMENT_TARGET = 17.2;
				LD_RUNPATH_SEARCH_PATHS = (
					"$(inherited)",
					"@executable_path/Frameworks",
				);
				MARKETING_VERSION = 1.0;
				PRODUCT_BUNDLE_IDENTIFIER = LS.TheRoamingKin;
				PRODUCT_NAME = "$(TARGET_NAME)";
				SUPPORTED_PLATFORMS = "iphoneos iphonesimulator";
				SUPPORTS_MACCATALYST = NO;
				SUPPORTS_MAC_DESIGNED_FOR_IPHONE_IPAD = NO;
				SUPPORTS_XR_DESIGNED_FOR_IPHONE_IPAD = NO;
				SWIFT_EMIT_LOC_STRINGS = YES;
				SWIFT_VERSION = 5.0;
				TARGETED_DEVICE_FAMILY = "1,2";
			};
			name = Debug;
		};
		B2CC20922DBDB195007F1119 /* Release */ = {
			isa = XCBuildConfiguration;
			buildSettings = {
				ASSETCATALOG_COMPILER_APPICON_NAME = AppIcon;
				ASSETCATALOG_COMPILER_GLOBAL_ACCENT_COLOR_NAME = AccentColor;
				CODE_SIGN_ENTITLEMENTS = TheRoamingKin/TheRoamingKin.entitlements;
				CODE_SIGN_STYLE = Automatic;
				CURRENT_PROJECT_VERSION = 1;
				DEVELOPMENT_TEAM = HW57NPTVW8;
				ENABLE_PREVIEWS = YES;
				GENERATE_INFOPLIST_FILE = YES;
				INFOPLIST_FILE = TheRoamingKin/Info.plist;
				INFOPLIST_KEY_LSApplicationCategoryType = "public.app-category.lifestyle";
				INFOPLIST_KEY_UIApplicationSceneManifest_Generation = YES;
				INFOPLIST_KEY_UIApplicationSupportsIndirectInputEvents = YES;
				INFOPLIST_KEY_UILaunchScreen_Generation = YES;
				INFOPLIST_KEY_UISupportedInterfaceOrientations = UIInterfaceOrientationPortrait;
				INFOPLIST_KEY_UISupportedInterfaceOrientations_iPad = "UIInterfaceOrientationPortrait UIInterfaceOrientationPortraitUpsideDown";
				IPHONEOS_DEPLOYMENT_TARGET = 17.2;
				LD_RUNPATH_SEARCH_PATHS = (
					"$(inherited)",
					"@executable_path/Frameworks",
				);
				MARKETING_VERSION = 1.0;
				PRODUCT_BUNDLE_IDENTIFIER = LS.TheRoamingKin;
				PRODUCT_NAME = "$(TARGET_NAME)";
				SUPPORTED_PLATFORMS = "iphoneos iphonesimulator";
				SUPPORTS_MACCATALYST = NO;
				SUPPORTS_MAC_DESIGNED_FOR_IPHONE_IPAD = NO;
				SUPPORTS_XR_DESIGNED_FOR_IPHONE_IPAD = NO;
				SWIFT_EMIT_LOC_STRINGS = YES;
				SWIFT_VERSION = 5.0;
				TARGETED_DEVICE_FAMILY = "1,2";
			};
			name = Release;
		};
		B2CC20942DBDB195007F1119 /* Debug */ = {
			isa = XCBuildConfiguration;
			buildSettings = {
				BUNDLE_LOADER = "$(TEST_HOST)";
				CODE_SIGN_STYLE = Automatic;
				CURRENT_PROJECT_VERSION = 1;
				DEVELOPMENT_TEAM = HW57NPTVW8;
				GENERATE_INFOPLIST_FILE = YES;
				IPHONEOS_DEPLOYMENT_TARGET = 17.2;
				MARKETING_VERSION = 1.0;
				PRODUCT_BUNDLE_IDENTIFIER = LS.TheRoamingKinTests;
				PRODUCT_NAME = "$(TARGET_NAME)";
				SUPPORTED_PLATFORMS = "iphoneos iphonesimulator";
				SUPPORTS_MACCATALYST = NO;
				SUPPORTS_MAC_DESIGNED_FOR_IPHONE_IPAD = NO;
				SUPPORTS_XR_DESIGNED_FOR_IPHONE_IPAD = NO;
				SWIFT_EMIT_LOC_STRINGS = NO;
				SWIFT_VERSION = 5.0;
				TARGETED_DEVICE_FAMILY = "1,2";
				TEST_HOST = "$(BUILT_PRODUCTS_DIR)/TheRoamingKin.app/$(BUNDLE_EXECUTABLE_FOLDER_PATH)/TheRoamingKin";
			};
			name = Debug;
		};
		B2CC20952DBDB195007F1119 /* Release */ = {
			isa = XCBuildConfiguration;
			buildSettings = {
				BUNDLE_LOADER = "$(TEST_HOST)";
				CODE_SIGN_STYLE = Automatic;
				CURRENT_PROJECT_VERSION = 1;
				DEVELOPMENT_TEAM = HW57NPTVW8;
				GENERATE_INFOPLIST_FILE = YES;
				IPHONEOS_DEPLOYMENT_TARGET = 17.2;
				MARKETING_VERSION = 1.0;
				PRODUCT_BUNDLE_IDENTIFIER = LS.TheRoamingKinTests;
				PRODUCT_NAME = "$(TARGET_NAME)";
				SUPPORTED_PLATFORMS = "iphoneos iphonesimulator";
				SUPPORTS_MACCATALYST = NO;
				SUPPORTS_MAC_DESIGNED_FOR_IPHONE_IPAD = NO;
				SUPPORTS_XR_DESIGNED_FOR_IPHONE_IPAD = NO;
				SWIFT_EMIT_LOC_STRINGS = NO;
				SWIFT_VERSION = 5.0;
				TARGETED_DEVICE_FAMILY = "1,2";
				TEST_HOST = "$(BUILT_PRODUCTS_DIR)/TheRoamingKin.app/$(BUNDLE_EXECUTABLE_FOLDER_PATH)/TheRoamingKin";
			};
			name = Release;
		};
		B2CC20972DBDB195007F1119 /* Debug */ = {
			isa = XCBuildConfiguration;
			buildSettings = {
				CODE_SIGN_STYLE = Automatic;
				CURRENT_PROJECT_VERSION = 1;
				DEVELOPMENT_TEAM = HW57NPTVW8;
				GENERATE_INFOPLIST_FILE = YES;
				IPHONEOS_DEPLOYMENT_TARGET = 17.2;
				MARKETING_VERSION = 1.0;
				PRODUCT_BUNDLE_IDENTIFIER = LS.TheRoamingKinUITests;
				PRODUCT_NAME = "$(TARGET_NAME)";
				SWIFT_EMIT_LOC_STRINGS = NO;
				SWIFT_VERSION = 5.0;
				TARGETED_DEVICE_FAMILY = "1,2";
				TEST_TARGET_NAME = TheRoamingKin;
			};
			name = Debug;
		};
		B2CC20982DBDB195007F1119 /* Release */ = {
			isa = XCBuildConfiguration;
			buildSettings = {
				CODE_SIGN_STYLE = Automatic;
				CURRENT_PROJECT_VERSION = 1;
				DEVELOPMENT_TEAM = HW57NPTVW8;
				GENERATE_INFOPLIST_FILE = YES;
				IPHONEOS_DEPLOYMENT_TARGET = 17.2;
				MARKETING_VERSION = 1.0;
				PRODUCT_BUNDLE_IDENTIFIER = LS.TheRoamingKinUITests;
				PRODUCT_NAME = "$(TARGET_NAME)";
				SWIFT_EMIT_LOC_STRINGS = NO;
				SWIFT_VERSION = 5.0;
				TARGETED_DEVICE_FAMILY = "1,2";
				TEST_TARGET_NAME = TheRoamingKin;
			};
			name = Release;
		};
/* End XCBuildConfiguration section */

/* Begin XCConfigurationList section */
		B2CC20652DBDB193007F1119 /* Build configuration list for PBXProject "TheRoamingKin" */ = {
			isa = XCConfigurationList;
			buildConfigurations = (
				B2CC208E2DBDB195007F1119 /* Debug */,
				B2CC208F2DBDB195007F1119 /* Release */,
			);
			defaultConfigurationIsVisible = 0;
			defaultConfigurationName = Release;
		};
		B2CC20902DBDB195007F1119 /* Build configuration list for PBXNativeTarget "TheRoamingKin" */ = {
			isa = XCConfigurationList;
			buildConfigurations = (
				B2CC20912DBDB195007F1119 /* Debug */,
				B2CC20922DBDB195007F1119 /* Release */,
			);
			defaultConfigurationIsVisible = 0;
			defaultConfigurationName = Release;
		};
		B2CC20932DBDB195007F1119 /* Build configuration list for PBXNativeTarget "TheRoamingKinTests" */ = {
			isa = XCConfigurationList;
			buildConfigurations = (
				B2CC20942DBDB195007F1119 /* Debug */,
				B2CC20952DBDB195007F1119 /* Release */,
			);
			defaultConfigurationIsVisible = 0;
			defaultConfigurationName = Release;
		};
		B2CC20962DBDB195007F1119 /* Build configuration list for PBXNativeTarget "TheRoamingKinUITests" */ = {
			isa = XCConfigurationList;
			buildConfigurations = (
				B2CC20972DBDB195007F1119 /* Debug */,
				B2CC20982DBDB195007F1119 /* Release */,
			);
			defaultConfigurationIsVisible = 0;
			defaultConfigurationName = Release;
		};
/* End XCConfigurationList section */

/* Begin XCRemoteSwiftPackageReference section */
		B2A37F782DE6AA6700139867 /* XCRemoteSwiftPackageReference "GLTFKit2" */ = {
			isa = XCRemoteSwiftPackageReference;
			repositoryURL = "https://github.com/warrenm/GLTFKit2.git";
			requirement = {
				kind = upToNextMajorVersion;
				minimumVersion = 0.5.13;
			};
		};
		B2CC20C52DBDBCC3007F1119 /* XCRemoteSwiftPackageReference "SwiftLint" */ = {
			isa = XCRemoteSwiftPackageReference;
			repositoryURL = "https://github.com/realm/SwiftLint.git";
			requirement = {
				kind = upToNextMajorVersion;
				minimumVersion = 0.59.1;
			};
		};
		B2CC20CB2DBDC63C007F1119 /* XCRemoteSwiftPackageReference "firebase-ios-sdk" */ = {
			isa = XCRemoteSwiftPackageReference;
			repositoryURL = "https://github.com/firebase/firebase-ios-sdk";
			requirement = {
				kind = upToNextMajorVersion;
				minimumVersion = 11.12.0;
			};
		};
		B2CC20E42DBDC7AF007F1119 /* XCRemoteSwiftPackageReference "Kingfisher" */ = {
			isa = XCRemoteSwiftPackageReference;
			repositoryURL = "https://github.com/onevcat/Kingfisher.git";
			requirement = {
				kind = upToNextMajorVersion;
				minimumVersion = 8.3.2;
			};
		};
		B2CC20E72DBDC8A5007F1119 /* XCRemoteSwiftPackageReference "AlertToast" */ = {
			isa = XCRemoteSwiftPackageReference;
			repositoryURL = "https://github.com/elai950/AlertToast.git";
			requirement = {
				kind = upToNextMajorVersion;
				minimumVersion = 1.3.9;
			};
		};
		B2CC210D2DBDCDEC007F1119 /* XCRemoteSwiftPackageReference "GoogleSignIn-iOS" */ = {
			isa = XCRemoteSwiftPackageReference;
			repositoryURL = "https://github.com/google/GoogleSignIn-iOS";
			requirement = {
				kind = upToNextMajorVersion;
				minimumVersion = 8.0.0;
			};
		};
		B2CC21122DBDCFA4007F1119 /* XCRemoteSwiftPackageReference "facebook-ios-sdk" */ = {
			isa = XCRemoteSwiftPackageReference;
			repositoryURL = "https://github.com/facebook/facebook-ios-sdk";
			requirement = {
				kind = upToNextMajorVersion;
				minimumVersion = 14.1.0;
			};
		};
/* End XCRemoteSwiftPackageReference section */

/* Begin XCSwiftPackageProductDependency section */
		B214E5DE2DC1B217006AEF65 /* SwiftLintBuildToolPlugin */ = {
			isa = XCSwiftPackageProductDependency;
			package = B2CC20C52DBDBCC3007F1119 /* XCRemoteSwiftPackageReference "SwiftLint" */;
			productName = "plugin:SwiftLintBuildToolPlugin";
		};
		B214E5E02DC1B21C006AEF65 /* SwiftLintBuildToolPlugin */ = {
			isa = XCSwiftPackageProductDependency;
			package = B2CC20C52DBDBCC3007F1119 /* XCRemoteSwiftPackageReference "SwiftLint" */;
			productName = "plugin:SwiftLintBuildToolPlugin";
		};
		B2A37F792DE6AA6700139867 /* GLTFKit2 */ = {
			isa = XCSwiftPackageProductDependency;
			package = B2A37F782DE6AA6700139867 /* XCRemoteSwiftPackageReference "GLTFKit2" */;
			productName = GLTFKit2;
		};
		B2CC20C62DBDBCD3007F1119 /* SwiftLintBuildToolPlugin */ = {
			isa = XCSwiftPackageProductDependency;
			package = B2CC20C52DBDBCC3007F1119 /* XCRemoteSwiftPackageReference "SwiftLint" */;
			productName = "plugin:SwiftLintBuildToolPlugin";
		};
		B2CC20CC2DBDC63C007F1119 /* FirebaseAnalytics */ = {
			isa = XCSwiftPackageProductDependency;
			package = B2CC20CB2DBDC63C007F1119 /* XCRemoteSwiftPackageReference "firebase-ios-sdk" */;
			productName = FirebaseAnalytics;
		};
		B2CC20CE2DBDC63C007F1119 /* FirebaseAuth */ = {
			isa = XCSwiftPackageProductDependency;
			package = B2CC20CB2DBDC63C007F1119 /* XCRemoteSwiftPackageReference "firebase-ios-sdk" */;
			productName = FirebaseAuth;
		};
		B2CC20D02DBDC63C007F1119 /* FirebaseAuthCombine-Community */ = {
			isa = XCSwiftPackageProductDependency;
			package = B2CC20CB2DBDC63C007F1119 /* XCRemoteSwiftPackageReference "firebase-ios-sdk" */;
			productName = "FirebaseAuthCombine-Community";
		};
		B2CC20D22DBDC63C007F1119 /* FirebaseCore */ = {
			isa = XCSwiftPackageProductDependency;
			package = B2CC20CB2DBDC63C007F1119 /* XCRemoteSwiftPackageReference "firebase-ios-sdk" */;
			productName = FirebaseCore;
		};
		B2CC20D42DBDC63C007F1119 /* FirebaseCrashlytics */ = {
			isa = XCSwiftPackageProductDependency;
			package = B2CC20CB2DBDC63C007F1119 /* XCRemoteSwiftPackageReference "firebase-ios-sdk" */;
			productName = FirebaseCrashlytics;
		};
		B2CC20D62DBDC63C007F1119 /* FirebaseFirestore */ = {
			isa = XCSwiftPackageProductDependency;
			package = B2CC20CB2DBDC63C007F1119 /* XCRemoteSwiftPackageReference "firebase-ios-sdk" */;
			productName = FirebaseFirestore;
		};
		B2CC20D82DBDC63C007F1119 /* FirebaseFirestoreCombine-Community */ = {
			isa = XCSwiftPackageProductDependency;
			package = B2CC20CB2DBDC63C007F1119 /* XCRemoteSwiftPackageReference "firebase-ios-sdk" */;
			productName = "FirebaseFirestoreCombine-Community";
		};
		B2CC20DA2DBDC63C007F1119 /* FirebaseMessaging */ = {
			isa = XCSwiftPackageProductDependency;
			package = B2CC20CB2DBDC63C007F1119 /* XCRemoteSwiftPackageReference "firebase-ios-sdk" */;
			productName = FirebaseMessaging;
		};
		B2CC20DC2DBDC63C007F1119 /* FirebasePerformance */ = {
			isa = XCSwiftPackageProductDependency;
			package = B2CC20CB2DBDC63C007F1119 /* XCRemoteSwiftPackageReference "firebase-ios-sdk" */;
			productName = FirebasePerformance;
		};
		B2CC20DE2DBDC63C007F1119 /* FirebaseRemoteConfig */ = {
			isa = XCSwiftPackageProductDependency;
			package = B2CC20CB2DBDC63C007F1119 /* XCRemoteSwiftPackageReference "firebase-ios-sdk" */;
			productName = FirebaseRemoteConfig;
		};
		B2CC20E02DBDC63C007F1119 /* FirebaseStorage */ = {
			isa = XCSwiftPackageProductDependency;
			package = B2CC20CB2DBDC63C007F1119 /* XCRemoteSwiftPackageReference "firebase-ios-sdk" */;
			productName = FirebaseStorage;
		};
		B2CC20E22DBDC63C007F1119 /* FirebaseStorageCombine-Community */ = {
			isa = XCSwiftPackageProductDependency;
			package = B2CC20CB2DBDC63C007F1119 /* XCRemoteSwiftPackageReference "firebase-ios-sdk" */;
			productName = "FirebaseStorageCombine-Community";
		};
		B2CC20E52DBDC7AF007F1119 /* Kingfisher */ = {
			isa = XCSwiftPackageProductDependency;
			package = B2CC20E42DBDC7AF007F1119 /* XCRemoteSwiftPackageReference "Kingfisher" */;
			productName = Kingfisher;
		};
		B2CC20E82DBDC8A5007F1119 /* AlertToast */ = {
			isa = XCSwiftPackageProductDependency;
			package = B2CC20E72DBDC8A5007F1119 /* XCRemoteSwiftPackageReference "AlertToast" */;
			productName = AlertToast;
		};
		B2CC210E2DBDCDEC007F1119 /* GoogleSignIn */ = {
			isa = XCSwiftPackageProductDependency;
			package = B2CC210D2DBDCDEC007F1119 /* XCRemoteSwiftPackageReference "GoogleSignIn-iOS" */;
			productName = GoogleSignIn;
		};
		B2CC21102DBDCDEC007F1119 /* GoogleSignInSwift */ = {
			isa = XCSwiftPackageProductDependency;
			package = B2CC210D2DBDCDEC007F1119 /* XCRemoteSwiftPackageReference "GoogleSignIn-iOS" */;
			productName = GoogleSignInSwift;
		};
		B2CC21132DBDCFA4007F1119 /* FacebookLogin */ = {
			isa = XCSwiftPackageProductDependency;
			package = B2CC21122DBDCFA4007F1119 /* XCRemoteSwiftPackageReference "facebook-ios-sdk" */;
			productName = FacebookLogin;
		};
/* End XCSwiftPackageProductDependency section */
	};
	rootObject = B2CC20622DBDB193007F1119 /* Project object */;
}
